
Microsoft Visual Studio Solution File, Format Version 12.00
# Visual Studio Version 16
VisualStudioVersion = 16.0.29519.181
MinimumVisualStudioVersion = 10.0.40219.1
Project("{9A19103F-16F7-4668-BE54-9A1E7A4F7556}") = "AzureBlobImageHelper", "AzureBlobImageHelper.csproj", "{F20FCE9F-4F8A-42B5-9EAE-E5843650295D}"
EndProject
Global
	GlobalSection(SolutionConfigurationPlatforms) = preSolution
		Debug|Any CPU = Debug|Any CPU
		Release|Any CPU = Release|Any CPU
	EndGlobalSection
	GlobalSection(ProjectConfigurationPlatforms) = postSolution
		{F20FCE9F-4F8A-42B5-9EAE-E5843650295D}.Debug|Any CPU.ActiveCfg = Debug|Any CPU
		{F20FCE9F-4F8A-42B5-9EAE-E5843650295D}.Debug|Any CPU.Build.0 = Debug|Any CPU
		{F20FCE9F-4F8A-42B5-9EAE-E5843650295D}.Release|Any CPU.ActiveCfg = Release|Any CPU
		{F20FCE9F-4F8A-42B5-9EAE-E5843650295D}.Release|Any CPU.Build.0 = Release|Any CPU
	EndGlobalSection
	GlobalSection(SolutionProperties) = preSolution
		HideSolutionNode = FALSE
	EndGlobalSection
	GlobalSection(ExtensibilityGlobals) = postSolution
		SolutionGuid = {D077B1C8-5F58-4913-9598-25035053F06C}
	EndGlobalSection
EndGlobal
